
Microsoft Visual Studio Solution File, Format Version 12.00
# Visual Studio Version 16
VisualStudioVersion = 16.0.30621.155
MinimumVisualStudioVersion = 10.0.40219.1
Project("{FAE04EC0-301F-11D3-BF4B-00C04F79EFBC}") = "ProjetoRedes", "ProjetoRedes\ProjetoRedes.csproj", "{6DEA8AB7-12A9-4859-A7F0-2B8DCFC8D945}"
EndProject
Global
	GlobalSection(SolutionConfigurationPlatforms) = preSolution
		Debug|Any CPU = Debug|Any CPU
		Release|Any CPU = Release|Any CPU
	EndGlobalSection
	GlobalSection(ProjectConfigurationPlatforms) = postSolution
		{6DEA8AB7-12A9-4859-A7F0-2B8DCFC8D945}.Debug|Any CPU.ActiveCfg = Debug|Any CPU
		{6DEA8AB7-12A9-4859-A7F0-2B8DCFC8D945}.Debug|Any CPU.Build.0 = Debug|Any CPU
		{6DEA8AB7-12A9-4859-A7F0-2B8DCFC8D945}.Release|Any CPU.ActiveCfg = Release|Any CPU
		{6DEA8AB7-12A9-4859-A7F0-2B8DCFC8D945}.Release|Any CPU.Build.0 = Release|Any CPU
	EndGlobalSection
	GlobalSection(SolutionProperties) = preSolution
		HideSolutionNode = FALSE
	EndGlobalSection
	GlobalSection(ExtensibilityGlobals) = postSolution
		SolutionGuid = {7FE293EE-B164-4B72-B04F-5F8225C2FD78}
	EndGlobalSection
EndGlobal
